
Microsoft Visual Studio Solution File, Format Version 12.00
# Visual Studio Version 17
VisualStudioVersion = 17.5.33424.131
MinimumVisualStudioVersion = 10.0.40219.1
Project("{9A19103F-16F7-4668-BE54-9A1E7A4F7556}") = "Biplov.S3.Sdk", "src\Biplov.S3.Sdk.csproj", "{F65746BC-D7FD-4F70-B7B2-13199E947FEE}"
EndProject
Global
	GlobalSection(SolutionConfigurationPlatforms) = preSolution
		Debug|Any CPU = Debug|Any CPU
		Release|Any CPU = Release|Any CPU
	EndGlobalSection
	GlobalSection(ProjectConfigurationPlatforms) = postSolution
		{F65746BC-D7FD-4F70-B7B2-13199E947FEE}.Debug|Any CPU.ActiveCfg = Debug|Any CPU
		{F65746BC-D7FD-4F70-B7B2-13199E947FEE}.Debug|Any CPU.Build.0 = Debug|Any CPU
		{F65746BC-D7FD-4F70-B7B2-13199E947FEE}.Release|Any CPU.ActiveCfg = Release|Any CPU
		{F65746BC-D7FD-4F70-B7B2-13199E947FEE}.Release|Any CPU.Build.0 = Release|Any CPU
	EndGlobalSection
	GlobalSection(SolutionProperties) = preSolution
		HideSolutionNode = FALSE
	EndGlobalSection
	GlobalSection(ExtensibilityGlobals) = postSolution
		SolutionGuid = {9C1E7A23-D5FB-450B-8795-3B46EFF48E1B}
	EndGlobalSection
EndGlobal
